// !$*UTF8*$!
{
	archiveVersion = 1;
	classes = {
	};
	objectVersion = 54;
	objects = {

/* Begin PBXBuildFile section */
		00E356F31AD99517003FC87E /* GambaTests.m in Sources */ = {isa = PBXBuildFile; fileRef = 00E356F21AD99517003FC87E /* GambaTests.m */; };
		014BA2C557084444B7F8611F /* SourceSansPro-BoldItalic.ttf in Resources */ = {isa = PBXBuildFile; fileRef = B96A829487094CAA981AC37C /* SourceSansPro-BoldItalic.ttf */; };
		0A2F85C0B3D54E3BB40209FD /* PlusJakartaSans-Regular.ttf in Resources */ = {isa = PBXBuildFile; fileRef = 962DDAEC11CA4F85B95376A0 /* PlusJakartaSans-Regular.ttf */; };
		0C80B921A6F3F58F76C31292 /* libPods-Gamba.a in Frameworks */ = {isa = PBXBuildFile; fileRef = 5DCACB8F33CDC322A6C60F78 /* libPods-Gamba.a */; };
		0EB574132CFE411694B4D2D5 /* Roboto-Light.ttf in Resources */ = {isa = PBXBuildFile; fileRef = 100C0C235F23401986F311CE /* Roboto-Light.ttf */; };
		132BFF39C8644EA5BFAF65CD /* Roboto-ThinItalic.ttf in Resources */ = {isa = PBXBuildFile; fileRef = A2098DD4C6EA4A438EDF5BC2 /* Roboto-ThinItalic.ttf */; };
		13B07FBC1A68108700A75B9A /* AppDelegate.mm in Sources */ = {isa = PBXBuildFile; fileRef = 13B07FB01A68108700A75B9A /* AppDelegate.mm */; };
		13B07FBF1A68108700A75B9A /* Images.xcassets in Resources */ = {isa = PBXBuildFile; fileRef = 13B07FB51A68108700A75B9A /* Images.xcassets */; };
		13B07FC11A68108700A75B9A /* main.m in Sources */ = {isa = PBXBuildFile; fileRef = 13B07FB71A68108700A75B9A /* main.m */; };
		18863DE23D8B41D1A3B2217A /* PlusJakartaSans-BoldItalic.ttf in Resources */ = {isa = PBXBuildFile; fileRef = 8A5D470D77DE483BBEC6CFF6 /* PlusJakartaSans-BoldItalic.ttf */; };
		1933DBC46D72491C8CC02E0D /* SourceSansPro-LightItalic.ttf in Resources */ = {isa = PBXBuildFile; fileRef = F8CE89134B9F4B03BD71EF38 /* SourceSansPro-LightItalic.ttf */; };
		1A4562352F13420594B1D364 /* Lato-ThinItalic.ttf in Resources */ = {isa = PBXBuildFile; fileRef = 2D633D6EA9A2408B92B0A3DA /* Lato-ThinItalic.ttf */; };
		1DB3BF2529D16AD300D41103 /* GoogleService-Info.plist in Resources */ = {isa = PBXBuildFile; fileRef = 1DB3BF2429D16AD200D41103 /* GoogleService-Info.plist */; };
		1EEEE108A2EA445A896AB133 /* Roboto-Medium.ttf in Resources */ = {isa = PBXBuildFile; fileRef = AA299CFD69534FF5A32BC333 /* Roboto-Medium.ttf */; };
		22D1385E415B494580DD3269 /* Roboto-MediumItalic.ttf in Resources */ = {isa = PBXBuildFile; fileRef = 3D4DCAA40E134B97AB0CFB6E /* Roboto-MediumItalic.ttf */; };
		259582B8E6F345E4966503A0 /* Roboto-Italic.ttf in Resources */ = {isa = PBXBuildFile; fileRef = 34BED2451DD74201966813A5 /* Roboto-Italic.ttf */; };
		2C2361048C84409CBAF2C4A6 /* PlusJakartaSans-ExtraLight.ttf in Resources */ = {isa = PBXBuildFile; fileRef = 4BCE0275F54B41D4A6144F01 /* PlusJakartaSans-ExtraLight.ttf */; };
		2C3ED34509874051A6D50259 /* PlusJakartaSans-Light.ttf in Resources */ = {isa = PBXBuildFile; fileRef = D6B0083072384450A922F94E /* PlusJakartaSans-Light.ttf */; };
		2F3B5369C4544810B316345A /* PlusJakartaSans-ExtraBold.ttf in Resources */ = {isa = PBXBuildFile; fileRef = 389E569506DF4734BBC28B18 /* PlusJakartaSans-ExtraBold.ttf */; };
		30CC05D582A047E1ADB87970 /* Lato-BoldItalic.ttf in Resources */ = {isa = PBXBuildFile; fileRef = 87DA37570CAA49D09F92C5C4 /* Lato-BoldItalic.ttf */; };
		316649C5DD974C5199102791 /* PlusJakartaSans-Italic.ttf in Resources */ = {isa = PBXBuildFile; fileRef = DDC33169C0F34BFD9C7364AC /* PlusJakartaSans-Italic.ttf */; };
		34FA6A6221DC428A8F096C47 /* Lato-Italic.ttf in Resources */ = {isa = PBXBuildFile; fileRef = 59CF6AFDEF2041E3AA05E3CF /* Lato-Italic.ttf */; };
		472ADC6359A24939857DF654 /* SourceSansPro-BlackItalic.ttf in Resources */ = {isa = PBXBuildFile; fileRef = 3400275F4F4149F4A29435EF /* SourceSansPro-BlackItalic.ttf */; };
		4DEFDAF668F5425F89018B80 /* SourceSansPro-Black.ttf in Resources */ = {isa = PBXBuildFile; fileRef = DD3CDD37D7904834B1DA04F4 /* SourceSansPro-Black.ttf */; };
		4E8C7E059D354792BB5F0759 /* SourceSansPro-Regular.ttf in Resources */ = {isa = PBXBuildFile; fileRef = 87E881E964D9484BB3EDCA03 /* SourceSansPro-Regular.ttf */; };
		507DF9182BEA4961A7C48071 /* Roboto-Bold.ttf in Resources */ = {isa = PBXBuildFile; fileRef = 6CBCC9D6E06D49978AD45C60 /* Roboto-Bold.ttf */; };
		52BE40B4E899482E9074A5C0 /* Roboto-BlackItalic.ttf in Resources */ = {isa = PBXBuildFile; fileRef = 774BB88A7CEA4892B6C2394E /* Roboto-BlackItalic.ttf */; };
		55FB8920C91843A09986908D /* PlusJakartaSans-LightItalic.ttf in Resources */ = {isa = PBXBuildFile; fileRef = 3F3DE02802564A45867DA231 /* PlusJakartaSans-LightItalic.ttf */; };
		582CF94740404E33846C00A9 /* Roboto-Regular.ttf in Resources */ = {isa = PBXBuildFile; fileRef = C153E9E69A324B5D990B334F /* Roboto-Regular.ttf */; };
		5AB62822BC1E4DB6A24E67DF /* PlusJakartaSans-ExtraLightItalic.ttf in Resources */ = {isa = PBXBuildFile; fileRef = E1A31C35EB224A0299282213 /* PlusJakartaSans-ExtraLightItalic.ttf */; };
		5E8B6E334CFB454A9DEC7EF1 /* Lato-Medium.ttf in Resources */ = {isa = PBXBuildFile; fileRef = 4000E684A22B413E86358224 /* Lato-Medium.ttf */; };
		5F15C128F82440DBB18799A8 /* Roboto-Black.ttf in Resources */ = {isa = PBXBuildFile; fileRef = B67C1A94CF89400CAAF94157 /* Roboto-Black.ttf */; };
		64340EBB907F4095871283EB /* PlusJakartaSans-MediumItalic.ttf in Resources */ = {isa = PBXBuildFile; fileRef = 6E892A37FEDB47028D70FA7D /* PlusJakartaSans-MediumItalic.ttf */; };
		68B0DE8E94114EAA8CA9594F /* Lato-Bold.ttf in Resources */ = {isa = PBXBuildFile; fileRef = EA2F7B99E670493B88127078 /* Lato-Bold.ttf */; };
		6910AECFBE6E445D8038F65F /* SourceSansPro-SemiBoldItalic.ttf in Resources */ = {isa = PBXBuildFile; fileRef = E80D6568D85B4CEDA5EF0C4E /* SourceSansPro-SemiBoldItalic.ttf */; };
		6E947EBB44874221BB06B317 /* Lato-Thin.ttf in Resources */ = {isa = PBXBuildFile; fileRef = 023BD236772A4C3D846B3EA8 /* Lato-Thin.ttf */; };
		7699B88040F8A987B510C191 /* libPods-Gamba-GambaTests.a in Frameworks */ = {isa = PBXBuildFile; fileRef = 19F6CBCC0A4E27FBF8BF4A61 /* libPods-Gamba-GambaTests.a */; };
		81AB9BB82411601600AC10FF /* LaunchScreen.storyboard in Resources */ = {isa = PBXBuildFile; fileRef = 81AB9BB72411601600AC10FF /* LaunchScreen.storyboard */; };
		8FC657A9BFE645618D91668C /* SourceSansPro-SemiBold.ttf in Resources */ = {isa = PBXBuildFile; fileRef = EC36AEB1A1964419AD3E9C1E /* SourceSansPro-SemiBold.ttf */; };
		91E9B7414433441CA5D7F00F /* Lato-BlackItalic.ttf in Resources */ = {isa = PBXBuildFile; fileRef = C068E2CD5F714F7BAF3AC0E5 /* Lato-BlackItalic.ttf */; };
		99854912E7FB4F83B736CC7D /* Lato-Light.ttf in Resources */ = {isa = PBXBuildFile; fileRef = BFE35AF563FA481BA7BF7430 /* Lato-Light.ttf */; };
		AB3FA0A7225449F8965119D5 /* PlusJakartaSans-Medium.ttf in Resources */ = {isa = PBXBuildFile; fileRef = D0294E2057E24745A7184F35 /* PlusJakartaSans-Medium.ttf */; };
		ABFBA39A12044DFA823C6EC8 /* Roboto-BoldItalic.ttf in Resources */ = {isa = PBXBuildFile; fileRef = AC928BA384F34185B40C07EB /* Roboto-BoldItalic.ttf */; };
		BBF8723156E44769A12BB6F6 /* Lato-Black.ttf in Resources */ = {isa = PBXBuildFile; fileRef = 0D8997EC8DB14C428D0E72C8 /* Lato-Black.ttf */; };
		BEF5AF8256234114A7C7EF35 /* PlusJakartaSans-ExtraBoldItalic.ttf in Resources */ = {isa = PBXBuildFile; fileRef = 85F517DC65A349F5BDCA52F5 /* PlusJakartaSans-ExtraBoldItalic.ttf */; };
		C2844E7F42EA4847856C4A56 /* SourceSansPro-ExtraLight.ttf in Resources */ = {isa = PBXBuildFile; fileRef = 3AD04E633CC04D6EB1201AB2 /* SourceSansPro-ExtraLight.ttf */; };
		C8C7EA5829584FB29F21D2C2 /* SourceSansPro-Italic.ttf in Resources */ = {isa = PBXBuildFile; fileRef = 9AE27A6658E34CB3BF20E1F1 /* SourceSansPro-Italic.ttf */; };
		CF7C4070C7F7445A87160D65 /* Roboto-Thin.ttf in Resources */ = {isa = PBXBuildFile; fileRef = 1DA4BAB818AE4C19BF71E37F /* Roboto-Thin.ttf */; };
		CFBB99183C054E368ECC3257 /* PlusJakartaSans-Bold.ttf in Resources */ = {isa = PBXBuildFile; fileRef = 79F98C5673B64275AD54B623 /* PlusJakartaSans-Bold.ttf */; };
		D68D5067EC454E63A54F5997 /* SourceSansPro-Bold.ttf in Resources */ = {isa = PBXBuildFile; fileRef = BE9249D9725241EDA29C74FD /* SourceSansPro-Bold.ttf */; };
		E0F27F98EC32442EB4D1225A /* SourceSansPro-Light.ttf in Resources */ = {isa = PBXBuildFile; fileRef = FEC2E9CAE8C840B6B1B50DB1 /* SourceSansPro-Light.ttf */; };
		E289A20F82FE41E3BFB72579 /* Lato-Regular.ttf in Resources */ = {isa = PBXBuildFile; fileRef = 1106B61E7CC3409A9C13DE58 /* Lato-Regular.ttf */; };
		E68E2E451E8D4C9B8852362F /* New Bold.ttf in Resources */ = {isa = PBXBuildFile; fileRef = 7968D41798694B70955DA3E2 /* New Bold.ttf */; };
		E716297AD93146FE95FECBAB /* SourceSansPro-ExtraLightItalic.ttf in Resources */ = {isa = PBXBuildFile; fileRef = 4D6AA2032E134C2BB3DA3833 /* SourceSansPro-ExtraLightItalic.ttf */; };
		EA69D8539D104FBAB7E69583 /* Lato-LightItalic.ttf in Resources */ = {isa = PBXBuildFile; fileRef = E09911F833B147DBB5A8644D /* Lato-LightItalic.ttf */; };
		F7DEBD06105B4FEAA5130FD2 /* Roboto-LightItalic.ttf in Resources */ = {isa = PBXBuildFile; fileRef = A18DD73857424B5F85B40682 /* Roboto-LightItalic.ttf */; };
/* End PBXBuildFile section */

/* Begin PBXContainerItemProxy section */
		00E356F41AD99517003FC87E /* PBXContainerItemProxy */ = {
			isa = PBXContainerItemProxy;
			containerPortal = 83CBB9F71A601CBA00E9B192 /* Project object */;
			proxyType = 1;
			remoteGlobalIDString = 13B07F861A680F5B00A75B9A;
			remoteInfo = Gamba;
		};
/* End PBXContainerItemProxy section */

/* Begin PBXFileReference section */
		00E356EE1AD99517003FC87E /* GambaTests.xctest */ = {isa = PBXFileReference; explicitFileType = wrapper.cfbundle; includeInIndex = 0; path = GambaTests.xctest; sourceTree = BUILT_PRODUCTS_DIR; };
		00E356F11AD99517003FC87E /* Info.plist */ = {isa = PBXFileReference; lastKnownFileType = text.plist.xml; path = Info.plist; sourceTree = "<group>"; };
		00E356F21AD99517003FC87E /* GambaTests.m */ = {isa = PBXFileReference; lastKnownFileType = sourcecode.c.objc; path = GambaTests.m; sourceTree = "<group>"; };
		023BD236772A4C3D846B3EA8 /* Lato-Thin.ttf */ = {isa = PBXFileReference; explicitFileType = undefined; fileEncoding = undefined; includeInIndex = 0; lastKnownFileType = unknown; name = "Lato-Thin.ttf"; path = "../src/assets/fonts/Lato-Thin.ttf"; sourceTree = "<group>"; };
		0D8997EC8DB14C428D0E72C8 /* Lato-Black.ttf */ = {isa = PBXFileReference; explicitFileType = undefined; fileEncoding = undefined; includeInIndex = 0; lastKnownFileType = unknown; name = "Lato-Black.ttf"; path = "../src/assets/fonts/Lato-Black.ttf"; sourceTree = "<group>"; };
		100C0C235F23401986F311CE /* Roboto-Light.ttf */ = {isa = PBXFileReference; explicitFileType = undefined; fileEncoding = 9; includeInIndex = 0; lastKnownFileType = unknown; name = "Roboto-Light.ttf"; path = "../src/assets/fonts/Roboto-Light.ttf"; sourceTree = "<group>"; };
		1106B61E7CC3409A9C13DE58 /* Lato-Regular.ttf */ = {isa = PBXFileReference; explicitFileType = undefined; fileEncoding = undefined; includeInIndex = 0; lastKnownFileType = unknown; name = "Lato-Regular.ttf"; path = "../src/assets/fonts/Lato-Regular.ttf"; sourceTree = "<group>"; };
		13B07F961A680F5B00A75B9A /* Gamba.app */ = {isa = PBXFileReference; explicitFileType = wrapper.application; includeInIndex = 0; path = Gamba.app; sourceTree = BUILT_PRODUCTS_DIR; };
		13B07FAF1A68108700A75B9A /* AppDelegate.h */ = {isa = PBXFileReference; fileEncoding = 4; lastKnownFileType = sourcecode.c.h; name = AppDelegate.h; path = Gamba/AppDelegate.h; sourceTree = "<group>"; };
		13B07FB01A68108700A75B9A /* AppDelegate.mm */ = {isa = PBXFileReference; fileEncoding = 4; lastKnownFileType = sourcecode.cpp.objcpp; name = AppDelegate.mm; path = Gamba/AppDelegate.mm; sourceTree = "<group>"; };
		13B07FB51A68108700A75B9A /* Images.xcassets */ = {isa = PBXFileReference; lastKnownFileType = folder.assetcatalog; name = Images.xcassets; path = Gamba/Images.xcassets; sourceTree = "<group>"; };
		13B07FB61A68108700A75B9A /* Info.plist */ = {isa = PBXFileReference; fileEncoding = 4; lastKnownFileType = text.plist.xml; name = Info.plist; path = Gamba/Info.plist; sourceTree = "<group>"; };
		13B07FB71A68108700A75B9A /* main.m */ = {isa = PBXFileReference; fileEncoding = 4; lastKnownFileType = sourcecode.c.objc; name = main.m; path = Gamba/main.m; sourceTree = "<group>"; };
		19F6CBCC0A4E27FBF8BF4A61 /* libPods-Gamba-GambaTests.a */ = {isa = PBXFileReference; explicitFileType = archive.ar; includeInIndex = 0; path = "libPods-Gamba-GambaTests.a"; sourceTree = BUILT_PRODUCTS_DIR; };
		1DA4BAB818AE4C19BF71E37F /* Roboto-Thin.ttf */ = {isa = PBXFileReference; explicitFileType = undefined; fileEncoding = 9; includeInIndex = 0; lastKnownFileType = unknown; name = "Roboto-Thin.ttf"; path = "../src/assets/fonts/Roboto-Thin.ttf"; sourceTree = "<group>"; };
		1DB3BF2429D16AD200D41103 /* GoogleService-Info.plist */ = {isa = PBXFileReference; fileEncoding = 4; lastKnownFileType = text.plist.xml; path = "GoogleService-Info.plist"; sourceTree = "<group>"; };
		2D633D6EA9A2408B92B0A3DA /* Lato-ThinItalic.ttf */ = {isa = PBXFileReference; explicitFileType = undefined; fileEncoding = undefined; includeInIndex = 0; lastKnownFileType = unknown; name = "Lato-ThinItalic.ttf"; path = "../src/assets/fonts/Lato-ThinItalic.ttf"; sourceTree = "<group>"; };
		3400275F4F4149F4A29435EF /* SourceSansPro-BlackItalic.ttf */ = {isa = PBXFileReference; explicitFileType = undefined; fileEncoding = 9; includeInIndex = 0; lastKnownFileType = unknown; name = "SourceSansPro-BlackItalic.ttf"; path = "../src/assets/fonts/SourceSansPro-BlackItalic.ttf"; sourceTree = "<group>"; };
		34BED2451DD74201966813A5 /* Roboto-Italic.ttf */ = {isa = PBXFileReference; explicitFileType = undefined; fileEncoding = 9; includeInIndex = 0; lastKnownFileType = unknown; name = "Roboto-Italic.ttf"; path = "../src/assets/fonts/Roboto-Italic.ttf"; sourceTree = "<group>"; };
		389E569506DF4734BBC28B18 /* PlusJakartaSans-ExtraBold.ttf */ = {isa = PBXFileReference; explicitFileType = undefined; fileEncoding = 9; includeInIndex = 0; lastKnownFileType = unknown; name = "PlusJakartaSans-ExtraBold.ttf"; path = "../src/assets/fonts/PlusJakartaSans-ExtraBold.ttf"; sourceTree = "<group>"; };
		3AD04E633CC04D6EB1201AB2 /* SourceSansPro-ExtraLight.ttf */ = {isa = PBXFileReference; explicitFileType = undefined; fileEncoding = 9; includeInIndex = 0; lastKnownFileType = unknown; name = "SourceSansPro-ExtraLight.ttf"; path = "../src/assets/fonts/SourceSansPro-ExtraLight.ttf"; sourceTree = "<group>"; };
		3B4392A12AC88292D35C810B /* Pods-Gamba.debug.xcconfig */ = {isa = PBXFileReference; includeInIndex = 1; lastKnownFileType = text.xcconfig; name = "Pods-Gamba.debug.xcconfig"; path = "Target Support Files/Pods-Gamba/Pods-Gamba.debug.xcconfig"; sourceTree = "<group>"; };
		3D4DCAA40E134B97AB0CFB6E /* Roboto-MediumItalic.ttf */ = {isa = PBXFileReference; explicitFileType = undefined; fileEncoding = 9; includeInIndex = 0; lastKnownFileType = unknown; name = "Roboto-MediumItalic.ttf"; path = "../src/assets/fonts/Roboto-MediumItalic.ttf"; sourceTree = "<group>"; };
		3F3DE02802564A45867DA231 /* PlusJakartaSans-LightItalic.ttf */ = {isa = PBXFileReference; explicitFileType = undefined; fileEncoding = 9; includeInIndex = 0; lastKnownFileType = unknown; name = "PlusJakartaSans-LightItalic.ttf"; path = "../src/assets/fonts/PlusJakartaSans-LightItalic.ttf"; sourceTree = "<group>"; };
		4000E684A22B413E86358224 /* Lato-Medium.ttf */ = {isa = PBXFileReference; explicitFileType = undefined; fileEncoding = undefined; includeInIndex = 0; lastKnownFileType = unknown; name = "Lato-Medium.ttf"; path = "../src/assets/fonts/Lato-Medium.ttf"; sourceTree = "<group>"; };
		4BCE0275F54B41D4A6144F01 /* PlusJakartaSans-ExtraLight.ttf */ = {isa = PBXFileReference; explicitFileType = undefined; fileEncoding = 9; includeInIndex = 0; lastKnownFileType = unknown; name = "PlusJakartaSans-ExtraLight.ttf"; path = "../src/assets/fonts/PlusJakartaSans-ExtraLight.ttf"; sourceTree = "<group>"; };
		4D6AA2032E134C2BB3DA3833 /* SourceSansPro-ExtraLightItalic.ttf */ = {isa = PBXFileReference; explicitFileType = undefined; fileEncoding = 9; includeInIndex = 0; lastKnownFileType = unknown; name = "SourceSansPro-ExtraLightItalic.ttf"; path = "../src/assets/fonts/SourceSansPro-ExtraLightItalic.ttf"; sourceTree = "<group>"; };
		513EE4A72A6155F90023D704 /* Gamba-Bridging-Header.h */ = {isa = PBXFileReference; lastKnownFileType = sourcecode.c.h; path = "Gamba-Bridging-Header.h"; sourceTree = "<group>"; };
		513EE4A82A6155F90023D704 /* File.swift */ = {isa = PBXFileReference; lastKnownFileType = sourcecode.swift; path = File.swift; sourceTree = "<group>"; };
		513EE4AA2A61562A0023D704 /* Gamba.entitlements */ = {isa = PBXFileReference; lastKnownFileType = text.plist.entitlements; name = Gamba.entitlements; path = Gamba/Gamba.entitlements; sourceTree = "<group>"; };
		5709B34CF0A7D63546082F79 /* Pods-Gamba.release.xcconfig */ = {isa = PBXFileReference; includeInIndex = 1; lastKnownFileType = text.xcconfig; name = "Pods-Gamba.release.xcconfig"; path = "Target Support Files/Pods-Gamba/Pods-Gamba.release.xcconfig"; sourceTree = "<group>"; };
		59CF6AFDEF2041E3AA05E3CF /* Lato-Italic.ttf */ = {isa = PBXFileReference; explicitFileType = undefined; fileEncoding = undefined; includeInIndex = 0; lastKnownFileType = unknown; name = "Lato-Italic.ttf"; path = "../src/assets/fonts/Lato-Italic.ttf"; sourceTree = "<group>"; };
		5B7EB9410499542E8C5724F5 /* Pods-Gamba-GambaTests.debug.xcconfig */ = {isa = PBXFileReference; includeInIndex = 1; lastKnownFileType = text.xcconfig; name = "Pods-Gamba-GambaTests.debug.xcconfig"; path = "Target Support Files/Pods-Gamba-GambaTests/Pods-Gamba-GambaTests.debug.xcconfig"; sourceTree = "<group>"; };
		5DCACB8F33CDC322A6C60F78 /* libPods-Gamba.a */ = {isa = PBXFileReference; explicitFileType = archive.ar; includeInIndex = 0; path = "libPods-Gamba.a"; sourceTree = BUILT_PRODUCTS_DIR; };
		6CBCC9D6E06D49978AD45C60 /* Roboto-Bold.ttf */ = {isa = PBXFileReference; explicitFileType = undefined; fileEncoding = 9; includeInIndex = 0; lastKnownFileType = unknown; name = "Roboto-Bold.ttf"; path = "../src/assets/fonts/Roboto-Bold.ttf"; sourceTree = "<group>"; };
		6E892A37FEDB47028D70FA7D /* PlusJakartaSans-MediumItalic.ttf */ = {isa = PBXFileReference; explicitFileType = undefined; fileEncoding = 9; includeInIndex = 0; lastKnownFileType = unknown; name = "PlusJakartaSans-MediumItalic.ttf"; path = "../src/assets/fonts/PlusJakartaSans-MediumItalic.ttf"; sourceTree = "<group>"; };
		774BB88A7CEA4892B6C2394E /* Roboto-BlackItalic.ttf */ = {isa = PBXFileReference; explicitFileType = undefined; fileEncoding = 9; includeInIndex = 0; lastKnownFileType = unknown; name = "Roboto-BlackItalic.ttf"; path = "../src/assets/fonts/Roboto-BlackItalic.ttf"; sourceTree = "<group>"; };
		7968D41798694B70955DA3E2 /* New Bold.ttf */ = {isa = PBXFileReference; explicitFileType = undefined; fileEncoding = 9; includeInIndex = 0; lastKnownFileType = unknown; name = "New Bold.ttf"; path = "../src/assets/fonts/New Bold.ttf"; sourceTree = "<group>"; };
		79F98C5673B64275AD54B623 /* PlusJakartaSans-Bold.ttf */ = {isa = PBXFileReference; explicitFileType = undefined; fileEncoding = 9; includeInIndex = 0; lastKnownFileType = unknown; name = "PlusJakartaSans-Bold.ttf"; path = "../src/assets/fonts/PlusJakartaSans-Bold.ttf"; sourceTree = "<group>"; };
		81AB9BB72411601600AC10FF /* LaunchScreen.storyboard */ = {isa = PBXFileReference; fileEncoding = 4; lastKnownFileType = file.storyboard; name = LaunchScreen.storyboard; path = Gamba/LaunchScreen.storyboard; sourceTree = "<group>"; };
		85F517DC65A349F5BDCA52F5 /* PlusJakartaSans-ExtraBoldItalic.ttf */ = {isa = PBXFileReference; explicitFileType = undefined; fileEncoding = 9; includeInIndex = 0; lastKnownFileType = unknown; name = "PlusJakartaSans-ExtraBoldItalic.ttf"; path = "../src/assets/fonts/PlusJakartaSans-ExtraBoldItalic.ttf"; sourceTree = "<group>"; };
		87DA37570CAA49D09F92C5C4 /* Lato-BoldItalic.ttf */ = {isa = PBXFileReference; explicitFileType = undefined; fileEncoding = undefined; includeInIndex = 0; lastKnownFileType = unknown; name = "Lato-BoldItalic.ttf"; path = "../src/assets/fonts/Lato-BoldItalic.ttf"; sourceTree = "<group>"; };
		87E881E964D9484BB3EDCA03 /* SourceSansPro-Regular.ttf */ = {isa = PBXFileReference; explicitFileType = undefined; fileEncoding = 9; includeInIndex = 0; lastKnownFileType = unknown; name = "SourceSansPro-Regular.ttf"; path = "../src/assets/fonts/SourceSansPro-Regular.ttf"; sourceTree = "<group>"; };
		89C6BE57DB24E9ADA2F236DE /* Pods-Gamba-GambaTests.release.xcconfig */ = {isa = PBXFileReference; includeInIndex = 1; lastKnownFileType = text.xcconfig; name = "Pods-Gamba-GambaTests.release.xcconfig"; path = "Target Support Files/Pods-Gamba-GambaTests/Pods-Gamba-GambaTests.release.xcconfig"; sourceTree = "<group>"; };
		8A5D470D77DE483BBEC6CFF6 /* PlusJakartaSans-BoldItalic.ttf */ = {isa = PBXFileReference; explicitFileType = undefined; fileEncoding = 9; includeInIndex = 0; lastKnownFileType = unknown; name = "PlusJakartaSans-BoldItalic.ttf"; path = "../src/assets/fonts/PlusJakartaSans-BoldItalic.ttf"; sourceTree = "<group>"; };
		962DDAEC11CA4F85B95376A0 /* PlusJakartaSans-Regular.ttf */ = {isa = PBXFileReference; explicitFileType = undefined; fileEncoding = 9; includeInIndex = 0; lastKnownFileType = unknown; name = "PlusJakartaSans-Regular.ttf"; path = "../src/assets/fonts/PlusJakartaSans-Regular.ttf"; sourceTree = "<group>"; };
		9AE27A6658E34CB3BF20E1F1 /* SourceSansPro-Italic.ttf */ = {isa = PBXFileReference; explicitFileType = undefined; fileEncoding = 9; includeInIndex = 0; lastKnownFileType = unknown; name = "SourceSansPro-Italic.ttf"; path = "../src/assets/fonts/SourceSansPro-Italic.ttf"; sourceTree = "<group>"; };
		A18DD73857424B5F85B40682 /* Roboto-LightItalic.ttf */ = {isa = PBXFileReference; explicitFileType = undefined; fileEncoding = 9; includeInIndex = 0; lastKnownFileType = unknown; name = "Roboto-LightItalic.ttf"; path = "../src/assets/fonts/Roboto-LightItalic.ttf"; sourceTree = "<group>"; };
		A2098DD4C6EA4A438EDF5BC2 /* Roboto-ThinItalic.ttf */ = {isa = PBXFileReference; explicitFileType = undefined; fileEncoding = 9; includeInIndex = 0; lastKnownFileType = unknown; name = "Roboto-ThinItalic.ttf"; path = "../src/assets/fonts/Roboto-ThinItalic.ttf"; sourceTree = "<group>"; };
		AA299CFD69534FF5A32BC333 /* Roboto-Medium.ttf */ = {isa = PBXFileReference; explicitFileType = undefined; fileEncoding = 9; includeInIndex = 0; lastKnownFileType = unknown; name = "Roboto-Medium.ttf"; path = "../src/assets/fonts/Roboto-Medium.ttf"; sourceTree = "<group>"; };
		AC928BA384F34185B40C07EB /* Roboto-BoldItalic.ttf */ = {isa = PBXFileReference; explicitFileType = undefined; fileEncoding = 9; includeInIndex = 0; lastKnownFileType = unknown; name = "Roboto-BoldItalic.ttf"; path = "../src/assets/fonts/Roboto-BoldItalic.ttf"; sourceTree = "<group>"; };
		B67C1A94CF89400CAAF94157 /* Roboto-Black.ttf */ = {isa = PBXFileReference; explicitFileType = undefined; fileEncoding = 9; includeInIndex = 0; lastKnownFileType = unknown; name = "Roboto-Black.ttf"; path = "../src/assets/fonts/Roboto-Black.ttf"; sourceTree = "<group>"; };
		B96A829487094CAA981AC37C /* SourceSansPro-BoldItalic.ttf */ = {isa = PBXFileReference; explicitFileType = undefined; fileEncoding = 9; includeInIndex = 0; lastKnownFileType = unknown; name = "SourceSansPro-BoldItalic.ttf"; path = "../src/assets/fonts/SourceSansPro-BoldItalic.ttf"; sourceTree = "<group>"; };
		BE9249D9725241EDA29C74FD /* SourceSansPro-Bold.ttf */ = {isa = PBXFileReference; explicitFileType = undefined; fileEncoding = 9; includeInIndex = 0; lastKnownFileType = unknown; name = "SourceSansPro-Bold.ttf"; path = "../src/assets/fonts/SourceSansPro-Bold.ttf"; sourceTree = "<group>"; };
		BFE35AF563FA481BA7BF7430 /* Lato-Light.ttf */ = {isa = PBXFileReference; explicitFileType = undefined; fileEncoding = undefined; includeInIndex = 0; lastKnownFileType = unknown; name = "Lato-Light.ttf"; path = "../src/assets/fonts/Lato-Light.ttf"; sourceTree = "<group>"; };
		C068E2CD5F714F7BAF3AC0E5 /* Lato-BlackItalic.ttf */ = {isa = PBXFileReference; explicitFileType = undefined; fileEncoding = undefined; includeInIndex = 0; lastKnownFileType = unknown; name = "Lato-BlackItalic.ttf"; path = "../src/assets/fonts/Lato-BlackItalic.ttf"; sourceTree = "<group>"; };
		C153E9E69A324B5D990B334F /* Roboto-Regular.ttf */ = {isa = PBXFileReference; explicitFileType = undefined; fileEncoding = 9; includeInIndex = 0; lastKnownFileType = unknown; name = "Roboto-Regular.ttf"; path = "../src/assets/fonts/Roboto-Regular.ttf"; sourceTree = "<group>"; };
		D0294E2057E24745A7184F35 /* PlusJakartaSans-Medium.ttf */ = {isa = PBXFileReference; explicitFileType = undefined; fileEncoding = 9; includeInIndex = 0; lastKnownFileType = unknown; name = "PlusJakartaSans-Medium.ttf"; path = "../src/assets/fonts/PlusJakartaSans-Medium.ttf"; sourceTree = "<group>"; };
		D6B0083072384450A922F94E /* PlusJakartaSans-Light.ttf */ = {isa = PBXFileReference; explicitFileType = undefined; fileEncoding = 9; includeInIndex = 0; lastKnownFileType = unknown; name = "PlusJakartaSans-Light.ttf"; path = "../src/assets/fonts/PlusJakartaSans-Light.ttf"; sourceTree = "<group>"; };
		DD3CDD37D7904834B1DA04F4 /* SourceSansPro-Black.ttf */ = {isa = PBXFileReference; explicitFileType = undefined; fileEncoding = 9; includeInIndex = 0; lastKnownFileType = unknown; name = "SourceSansPro-Black.ttf"; path = "../src/assets/fonts/SourceSansPro-Black.ttf"; sourceTree = "<group>"; };
		DDC33169C0F34BFD9C7364AC /* PlusJakartaSans-Italic.ttf */ = {isa = PBXFileReference; explicitFileType = undefined; fileEncoding = 9; includeInIndex = 0; lastKnownFileType = unknown; name = "PlusJakartaSans-Italic.ttf"; path = "../src/assets/fonts/PlusJakartaSans-Italic.ttf"; sourceTree = "<group>"; };
		E09911F833B147DBB5A8644D /* Lato-LightItalic.ttf */ = {isa = PBXFileReference; explicitFileType = undefined; fileEncoding = undefined; includeInIndex = 0; lastKnownFileType = unknown; name = "Lato-LightItalic.ttf"; path = "../src/assets/fonts/Lato-LightItalic.ttf"; sourceTree = "<group>"; };
		E1A31C35EB224A0299282213 /* PlusJakartaSans-ExtraLightItalic.ttf */ = {isa = PBXFileReference; explicitFileType = undefined; fileEncoding = 9; includeInIndex = 0; lastKnownFileType = unknown; name = "PlusJakartaSans-ExtraLightItalic.ttf"; path = "../src/assets/fonts/PlusJakartaSans-ExtraLightItalic.ttf"; sourceTree = "<group>"; };
		E80D6568D85B4CEDA5EF0C4E /* SourceSansPro-SemiBoldItalic.ttf */ = {isa = PBXFileReference; explicitFileType = undefined; fileEncoding = 9; includeInIndex = 0; lastKnownFileType = unknown; name = "SourceSansPro-SemiBoldItalic.ttf"; path = "../src/assets/fonts/SourceSansPro-SemiBoldItalic.ttf"; sourceTree = "<group>"; };
		EA2F7B99E670493B88127078 /* Lato-Bold.ttf */ = {isa = PBXFileReference; explicitFileType = undefined; fileEncoding = undefined; includeInIndex = 0; lastKnownFileType = unknown; name = "Lato-Bold.ttf"; path = "../src/assets/fonts/Lato-Bold.ttf"; sourceTree = "<group>"; };
		EC36AEB1A1964419AD3E9C1E /* SourceSansPro-SemiBold.ttf */ = {isa = PBXFileReference; explicitFileType = undefined; fileEncoding = 9; includeInIndex = 0; lastKnownFileType = unknown; name = "SourceSansPro-SemiBold.ttf"; path = "../src/assets/fonts/SourceSansPro-SemiBold.ttf"; sourceTree = "<group>"; };
		ED297162215061F000B7C4FE /* JavaScriptCore.framework */ = {isa = PBXFileReference; lastKnownFileType = wrapper.framework; name = JavaScriptCore.framework; path = System/Library/Frameworks/JavaScriptCore.framework; sourceTree = SDKROOT; };
		F8CE89134B9F4B03BD71EF38 /* SourceSansPro-LightItalic.ttf */ = {isa = PBXFileReference; explicitFileType = undefined; fileEncoding = 9; includeInIndex = 0; lastKnownFileType = unknown; name = "SourceSansPro-LightItalic.ttf"; path = "../src/assets/fonts/SourceSansPro-LightItalic.ttf"; sourceTree = "<group>"; };
		FEC2E9CAE8C840B6B1B50DB1 /* SourceSansPro-Light.ttf */ = {isa = PBXFileReference; explicitFileType = undefined; fileEncoding = 9; includeInIndex = 0; lastKnownFileType = unknown; name = "SourceSansPro-Light.ttf"; path = "../src/assets/fonts/SourceSansPro-Light.ttf"; sourceTree = "<group>"; };
/* End PBXFileReference section */

/* Begin PBXFrameworksBuildPhase section */
		00E356EB1AD99517003FC87E /* Frameworks */ = {
			isa = PBXFrameworksBuildPhase;
			buildActionMask = 2147483647;
			files = (
				7699B88040F8A987B510C191 /* libPods-Gamba-GambaTests.a in Frameworks */,
			);
			runOnlyForDeploymentPostprocessing = 0;
		};
		13B07F8C1A680F5B00A75B9A /* Frameworks */ = {
			isa = PBXFrameworksBuildPhase;
			buildActionMask = 2147483647;
			files = (
				0C80B921A6F3F58F76C31292 /* libPods-Gamba.a in Frameworks */,
			);
			runOnlyForDeploymentPostprocessing = 0;
		};
/* End PBXFrameworksBuildPhase section */

/* Begin PBXGroup section */
		00E356EF1AD99517003FC87E /* GambaTests */ = {
			isa = PBXGroup;
			children = (
				00E356F21AD99517003FC87E /* GambaTests.m */,
				00E356F01AD99517003FC87E /* Supporting Files */,
			);
			path = GambaTests;
			sourceTree = "<group>";
		};
		00E356F01AD99517003FC87E /* Supporting Files */ = {
			isa = PBXGroup;
			children = (
				00E356F11AD99517003FC87E /* Info.plist */,
			);
			name = "Supporting Files";
			sourceTree = "<group>";
		};
		13B07FAE1A68108700A75B9A /* Gamba */ = {
			isa = PBXGroup;
			children = (
				513EE4AA2A61562A0023D704 /* Gamba.entitlements */,
				13B07FAF1A68108700A75B9A /* AppDelegate.h */,
				13B07FB01A68108700A75B9A /* AppDelegate.mm */,
				13B07FB51A68108700A75B9A /* Images.xcassets */,
				13B07FB61A68108700A75B9A /* Info.plist */,
				81AB9BB72411601600AC10FF /* LaunchScreen.storyboard */,
				13B07FB71A68108700A75B9A /* main.m */,
			);
			name = Gamba;
			sourceTree = "<group>";
		};
		2D16E6871FA4F8E400B85C8A /* Frameworks */ = {
			isa = PBXGroup;
			children = (
				ED297162215061F000B7C4FE /* JavaScriptCore.framework */,
				5DCACB8F33CDC322A6C60F78 /* libPods-Gamba.a */,
				19F6CBCC0A4E27FBF8BF4A61 /* libPods-Gamba-GambaTests.a */,
			);
			name = Frameworks;
			sourceTree = "<group>";
		};
		832341AE1AAA6A7D00B99B32 /* Libraries */ = {
			isa = PBXGroup;
			children = (
			);
			name = Libraries;
			sourceTree = "<group>";
		};
		83CBB9F61A601CBA00E9B192 = {
			isa = PBXGroup;
			children = (
				513EE4A82A6155F90023D704 /* File.swift */,
				1DB3BF2429D16AD200D41103 /* GoogleService-Info.plist */,
				13B07FAE1A68108700A75B9A /* Gamba */,
				832341AE1AAA6A7D00B99B32 /* Libraries */,
				00E356EF1AD99517003FC87E /* GambaTests */,
				83CBBA001A601CBA00E9B192 /* Products */,
				2D16E6871FA4F8E400B85C8A /* Frameworks */,
				BBD78D7AC51CEA395F1C20DB /* Pods */,
				BF1F418584274A1BA462DA7B /* Resources */,
				513EE4A72A6155F90023D704 /* Gamba-Bridging-Header.h */,
			);
			indentWidth = 2;
			sourceTree = "<group>";
			tabWidth = 2;
			usesTabs = 0;
		};
		83CBBA001A601CBA00E9B192 /* Products */ = {
			isa = PBXGroup;
			children = (
				13B07F961A680F5B00A75B9A /* Gamba.app */,
				00E356EE1AD99517003FC87E /* GambaTests.xctest */,
			);
			name = Products;
			sourceTree = "<group>";
		};
		BBD78D7AC51CEA395F1C20DB /* Pods */ = {
			isa = PBXGroup;
			children = (
				3B4392A12AC88292D35C810B /* Pods-Gamba.debug.xcconfig */,
				5709B34CF0A7D63546082F79 /* Pods-Gamba.release.xcconfig */,
				5B7EB9410499542E8C5724F5 /* Pods-Gamba-GambaTests.debug.xcconfig */,
				89C6BE57DB24E9ADA2F236DE /* Pods-Gamba-GambaTests.release.xcconfig */,
			);
			path = Pods;
			sourceTree = "<group>";
		};
		BF1F418584274A1BA462DA7B /* Resources */ = {
			isa = PBXGroup;
			children = (
				7968D41798694B70955DA3E2 /* New Bold.ttf */,
				79F98C5673B64275AD54B623 /* PlusJakartaSans-Bold.ttf */,
				8A5D470D77DE483BBEC6CFF6 /* PlusJakartaSans-BoldItalic.ttf */,
				389E569506DF4734BBC28B18 /* PlusJakartaSans-ExtraBold.ttf */,
				85F517DC65A349F5BDCA52F5 /* PlusJakartaSans-ExtraBoldItalic.ttf */,
				4BCE0275F54B41D4A6144F01 /* PlusJakartaSans-ExtraLight.ttf */,
				E1A31C35EB224A0299282213 /* PlusJakartaSans-ExtraLightItalic.ttf */,
				DDC33169C0F34BFD9C7364AC /* PlusJakartaSans-Italic.ttf */,
				D6B0083072384450A922F94E /* PlusJakartaSans-Light.ttf */,
				3F3DE02802564A45867DA231 /* PlusJakartaSans-LightItalic.ttf */,
				D0294E2057E24745A7184F35 /* PlusJakartaSans-Medium.ttf */,
				6E892A37FEDB47028D70FA7D /* PlusJakartaSans-MediumItalic.ttf */,
				962DDAEC11CA4F85B95376A0 /* PlusJakartaSans-Regular.ttf */,
				B67C1A94CF89400CAAF94157 /* Roboto-Black.ttf */,
				774BB88A7CEA4892B6C2394E /* Roboto-BlackItalic.ttf */,
				6CBCC9D6E06D49978AD45C60 /* Roboto-Bold.ttf */,
				AC928BA384F34185B40C07EB /* Roboto-BoldItalic.ttf */,
				34BED2451DD74201966813A5 /* Roboto-Italic.ttf */,
				100C0C235F23401986F311CE /* Roboto-Light.ttf */,
				A18DD73857424B5F85B40682 /* Roboto-LightItalic.ttf */,
				AA299CFD69534FF5A32BC333 /* Roboto-Medium.ttf */,
				3D4DCAA40E134B97AB0CFB6E /* Roboto-MediumItalic.ttf */,
				C153E9E69A324B5D990B334F /* Roboto-Regular.ttf */,
				1DA4BAB818AE4C19BF71E37F /* Roboto-Thin.ttf */,
				A2098DD4C6EA4A438EDF5BC2 /* Roboto-ThinItalic.ttf */,
				DD3CDD37D7904834B1DA04F4 /* SourceSansPro-Black.ttf */,
				3400275F4F4149F4A29435EF /* SourceSansPro-BlackItalic.ttf */,
				BE9249D9725241EDA29C74FD /* SourceSansPro-Bold.ttf */,
				B96A829487094CAA981AC37C /* SourceSansPro-BoldItalic.ttf */,
				3AD04E633CC04D6EB1201AB2 /* SourceSansPro-ExtraLight.ttf */,
				4D6AA2032E134C2BB3DA3833 /* SourceSansPro-ExtraLightItalic.ttf */,
				9AE27A6658E34CB3BF20E1F1 /* SourceSansPro-Italic.ttf */,
				FEC2E9CAE8C840B6B1B50DB1 /* SourceSansPro-Light.ttf */,
				F8CE89134B9F4B03BD71EF38 /* SourceSansPro-LightItalic.ttf */,
				87E881E964D9484BB3EDCA03 /* SourceSansPro-Regular.ttf */,
				EC36AEB1A1964419AD3E9C1E /* SourceSansPro-SemiBold.ttf */,
				E80D6568D85B4CEDA5EF0C4E /* SourceSansPro-SemiBoldItalic.ttf */,
				0D8997EC8DB14C428D0E72C8 /* Lato-Black.ttf */,
				C068E2CD5F714F7BAF3AC0E5 /* Lato-BlackItalic.ttf */,
				EA2F7B99E670493B88127078 /* Lato-Bold.ttf */,
				87DA37570CAA49D09F92C5C4 /* Lato-BoldItalic.ttf */,
				59CF6AFDEF2041E3AA05E3CF /* Lato-Italic.ttf */,
				BFE35AF563FA481BA7BF7430 /* Lato-Light.ttf */,
				E09911F833B147DBB5A8644D /* Lato-LightItalic.ttf */,
				1106B61E7CC3409A9C13DE58 /* Lato-Regular.ttf */,
				023BD236772A4C3D846B3EA8 /* Lato-Thin.ttf */,
				2D633D6EA9A2408B92B0A3DA /* Lato-ThinItalic.ttf */,
				4000E684A22B413E86358224 /* Lato-Medium.ttf */,
			);
			name = Resources;
			sourceTree = "<group>";
		};
/* End PBXGroup section */

/* Begin PBXNativeTarget section */
		00E356ED1AD99517003FC87E /* GambaTests */ = {
			isa = PBXNativeTarget;
			buildConfigurationList = 00E357021AD99517003FC87E /* Build configuration list for PBXNativeTarget "GambaTests" */;
			buildPhases = (
				A55EABD7B0C7F3A422A6CC61 /* [CP] Check Pods Manifest.lock */,
				00E356EA1AD99517003FC87E /* Sources */,
				00E356EB1AD99517003FC87E /* Frameworks */,
				00E356EC1AD99517003FC87E /* Resources */,
				C59DA0FBD6956966B86A3779 /* [CP] Embed Pods Frameworks */,
				F6A41C54EA430FDDC6A6ED99 /* [CP] Copy Pods Resources */,
			);
			buildRules = (
			);
			dependencies = (
				00E356F51AD99517003FC87E /* PBXTargetDependency */,
			);
			name = GambaTests;
			productName = GambaTests;
			productReference = 00E356EE1AD99517003FC87E /* GambaTests.xctest */;
			productType = "com.apple.product-type.bundle.unit-test";
		};
		13B07F861A680F5B00A75B9A /* Gamba */ = {
			isa = PBXNativeTarget;
			buildConfigurationList = 13B07F931A680F5B00A75B9A /* Build configuration list for PBXNativeTarget "Gamba" */;
			buildPhases = (
				C38B50BA6285516D6DCD4F65 /* [CP] Check Pods Manifest.lock */,
				FD10A7F022414F080027D42C /* Start Packager */,
				13B07F871A680F5B00A75B9A /* Sources */,
				13B07F8C1A680F5B00A75B9A /* Frameworks */,
				13B07F8E1A680F5B00A75B9A /* Resources */,
				00DD1BFF1BD5951E006B06BC /* Bundle React Native code and images */,
				00EEFC60759A1932668264C0 /* [CP] Embed Pods Frameworks */,
				E235C05ADACE081382539298 /* [CP] Copy Pods Resources */,
				94C423194BD45A6AF793BD82 /* [CP-User] [RNFB] Core Configuration */,
			);
			buildRules = (
			);
			dependencies = (
			);
			name = Gamba;
			productName = Gamba;
			productReference = 13B07F961A680F5B00A75B9A /* Gamba.app */;
			productType = "com.apple.product-type.application";
		};
/* End PBXNativeTarget section */

/* Begin PBXProject section */
		83CBB9F71A601CBA00E9B192 /* Project object */ = {
			isa = PBXProject;
			attributes = {
				LastUpgradeCheck = 1210;
				TargetAttributes = {
					00E356ED1AD99517003FC87E = {
						CreatedOnToolsVersion = 6.2;
						TestTargetID = 13B07F861A680F5B00A75B9A;
					};
					13B07F861A680F5B00A75B9A = {
						LastSwiftMigration = 1430;
					};
				};
			};
			buildConfigurationList = 83CBB9FA1A601CBA00E9B192 /* Build configuration list for PBXProject "Gamba" */;
			compatibilityVersion = "Xcode 12.0";
			developmentRegion = en;
			hasScannedForEncodings = 0;
			knownRegions = (
				en,
				Base,
			);
			mainGroup = 83CBB9F61A601CBA00E9B192;
			productRefGroup = 83CBBA001A601CBA00E9B192 /* Products */;
			projectDirPath = "";
			projectRoot = "";
			targets = (
				13B07F861A680F5B00A75B9A /* Gamba */,
				00E356ED1AD99517003FC87E /* GambaTests */,
			);
		};
/* End PBXProject section */

/* Begin PBXResourcesBuildPhase section */
		00E356EC1AD99517003FC87E /* Resources */ = {
			isa = PBXResourcesBuildPhase;
			buildActionMask = 2147483647;
			files = (
			);
			runOnlyForDeploymentPostprocessing = 0;
		};
		13B07F8E1A680F5B00A75B9A /* Resources */ = {
			isa = PBXResourcesBuildPhase;
			buildActionMask = 2147483647;
			files = (
				81AB9BB82411601600AC10FF /* LaunchScreen.storyboard in Resources */,
				13B07FBF1A68108700A75B9A /* Images.xcassets in Resources */,
				E68E2E451E8D4C9B8852362F /* New Bold.ttf in Resources */,
				CFBB99183C054E368ECC3257 /* PlusJakartaSans-Bold.ttf in Resources */,
				18863DE23D8B41D1A3B2217A /* PlusJakartaSans-BoldItalic.ttf in Resources */,
				2F3B5369C4544810B316345A /* PlusJakartaSans-ExtraBold.ttf in Resources */,
				BEF5AF8256234114A7C7EF35 /* PlusJakartaSans-ExtraBoldItalic.ttf in Resources */,
				2C2361048C84409CBAF2C4A6 /* PlusJakartaSans-ExtraLight.ttf in Resources */,
				5AB62822BC1E4DB6A24E67DF /* PlusJakartaSans-ExtraLightItalic.ttf in Resources */,
				316649C5DD974C5199102791 /* PlusJakartaSans-Italic.ttf in Resources */,
				2C3ED34509874051A6D50259 /* PlusJakartaSans-Light.ttf in Resources */,
				55FB8920C91843A09986908D /* PlusJakartaSans-LightItalic.ttf in Resources */,
				AB3FA0A7225449F8965119D5 /* PlusJakartaSans-Medium.ttf in Resources */,
				64340EBB907F4095871283EB /* PlusJakartaSans-MediumItalic.ttf in Resources */,
				0A2F85C0B3D54E3BB40209FD /* PlusJakartaSans-Regular.ttf in Resources */,
				5F15C128F82440DBB18799A8 /* Roboto-Black.ttf in Resources */,
				52BE40B4E899482E9074A5C0 /* Roboto-BlackItalic.ttf in Resources */,
				507DF9182BEA4961A7C48071 /* Roboto-Bold.ttf in Resources */,
				ABFBA39A12044DFA823C6EC8 /* Roboto-BoldItalic.ttf in Resources */,
				259582B8E6F345E4966503A0 /* Roboto-Italic.ttf in Resources */,
				0EB574132CFE411694B4D2D5 /* Roboto-Light.ttf in Resources */,
				F7DEBD06105B4FEAA5130FD2 /* Roboto-LightItalic.ttf in Resources */,
				1EEEE108A2EA445A896AB133 /* Roboto-Medium.ttf in Resources */,
				22D1385E415B494580DD3269 /* Roboto-MediumItalic.ttf in Resources */,
				582CF94740404E33846C00A9 /* Roboto-Regular.ttf in Resources */,
				1DB3BF2529D16AD300D41103 /* GoogleService-Info.plist in Resources */,
				CF7C4070C7F7445A87160D65 /* Roboto-Thin.ttf in Resources */,
				132BFF39C8644EA5BFAF65CD /* Roboto-ThinItalic.ttf in Resources */,
				4DEFDAF668F5425F89018B80 /* SourceSansPro-Black.ttf in Resources */,
				472ADC6359A24939857DF654 /* SourceSansPro-BlackItalic.ttf in Resources */,
				D68D5067EC454E63A54F5997 /* SourceSansPro-Bold.ttf in Resources */,
				014BA2C557084444B7F8611F /* SourceSansPro-BoldItalic.ttf in Resources */,
				C2844E7F42EA4847856C4A56 /* SourceSansPro-ExtraLight.ttf in Resources */,
				E716297AD93146FE95FECBAB /* SourceSansPro-ExtraLightItalic.ttf in Resources */,
				C8C7EA5829584FB29F21D2C2 /* SourceSansPro-Italic.ttf in Resources */,
				E0F27F98EC32442EB4D1225A /* SourceSansPro-Light.ttf in Resources */,
				1933DBC46D72491C8CC02E0D /* SourceSansPro-LightItalic.ttf in Resources */,
				4E8C7E059D354792BB5F0759 /* SourceSansPro-Regular.ttf in Resources */,
				8FC657A9BFE645618D91668C /* SourceSansPro-SemiBold.ttf in Resources */,
				6910AECFBE6E445D8038F65F /* SourceSansPro-SemiBoldItalic.ttf in Resources */,
				BBF8723156E44769A12BB6F6 /* Lato-Black.ttf in Resources */,
				91E9B7414433441CA5D7F00F /* Lato-BlackItalic.ttf in Resources */,
				68B0DE8E94114EAA8CA9594F /* Lato-Bold.ttf in Resources */,
				30CC05D582A047E1ADB87970 /* Lato-BoldItalic.ttf in Resources */,
				34FA6A6221DC428A8F096C47 /* Lato-Italic.ttf in Resources */,
				99854912E7FB4F83B736CC7D /* Lato-Light.ttf in Resources */,
				EA69D8539D104FBAB7E69583 /* Lato-LightItalic.ttf in Resources */,
				E289A20F82FE41E3BFB72579 /* Lato-Regular.ttf in Resources */,
				6E947EBB44874221BB06B317 /* Lato-Thin.ttf in Resources */,
				1A4562352F13420594B1D364 /* Lato-ThinItalic.ttf in Resources */,
				5E8B6E334CFB454A9DEC7EF1 /* Lato-Medium.ttf in Resources */,
			);
			runOnlyForDeploymentPostprocessing = 0;
		};
/* End PBXResourcesBuildPhase section */

/* Begin PBXShellScriptBuildPhase section */
		00DD1BFF1BD5951E006B06BC /* Bundle React Native code and images */ = {
			isa = PBXShellScriptBuildPhase;
			buildActionMask = 2147483647;
			files = (
			);
			inputPaths = (
				"$(SRCROOT)/.xcode.env.local",
				"$(SRCROOT)/.xcode.env",
			);
			name = "Bundle React Native code and images";
			outputPaths = (
			);
			runOnlyForDeploymentPostprocessing = 0;
			shellPath = /bin/sh;
			shellScript = "set -e\n\nWITH_ENVIRONMENT=\"../node_modules/react-native/scripts/xcode/with-environment.sh\"\nREACT_NATIVE_XCODE=\"../node_modules/react-native/scripts/react-native-xcode.sh\"\n\n/bin/sh -c \"$WITH_ENVIRONMENT $REACT_NATIVE_XCODE\"\n";
		};
		00EEFC60759A1932668264C0 /* [CP] Embed Pods Frameworks */ = {
			isa = PBXShellScriptBuildPhase;
			buildActionMask = 2147483647;
			files = (
			);
			inputFileListPaths = (
				"${PODS_ROOT}/Target Support Files/Pods-Gamba/Pods-Gamba-frameworks-${CONFIGURATION}-input-files.xcfilelist",
			);
			name = "[CP] Embed Pods Frameworks";
			outputFileListPaths = (
				"${PODS_ROOT}/Target Support Files/Pods-Gamba/Pods-Gamba-frameworks-${CONFIGURATION}-output-files.xcfilelist",
			);
			runOnlyForDeploymentPostprocessing = 0;
			shellPath = /bin/sh;
			shellScript = "\"${PODS_ROOT}/Target Support Files/Pods-Gamba/Pods-Gamba-frameworks.sh\"\n";
			showEnvVarsInLog = 0;
		};
		94C423194BD45A6AF793BD82 /* [CP-User] [RNFB] Core Configuration */ = {
			isa = PBXShellScriptBuildPhase;
			buildActionMask = 2147483647;
			files = (
			);
			inputPaths = (
				"$(BUILT_PRODUCTS_DIR)/$(INFOPLIST_PATH)",
			);
			name = "[CP-User] [RNFB] Core Configuration";
			runOnlyForDeploymentPostprocessing = 0;
			shellPath = /bin/sh;
			shellScript = "#!/usr/bin/env bash\n#\n# Copyright (c) 2016-present Invertase Limited & Contributors\n#\n# Licensed under the Apache License, Version 2.0 (the \"License\");\n# you may not use this library except in compliance with the License.\n# You may obtain a copy of the License at\n#\n#   http://www.apache.org/licenses/LICENSE-2.0\n#\n# Unless required by applicable law or agreed to in writing, software\n# distributed under the License is distributed on an \"AS IS\" BASIS,\n# WITHOUT WARRANTIES OR CONDITIONS OF ANY KIND, either express or implied.\n# See the License for the specific language governing permissions and\n# limitations under the License.\n#\nset -e\n\n_MAX_LOOKUPS=2;\n_SEARCH_RESULT=''\n_RN_ROOT_EXISTS=''\n_CURRENT_LOOKUPS=1\n_JSON_ROOT=\"'react-native'\"\n_JSON_FILE_NAME='firebase.json'\n_JSON_OUTPUT_BASE64='e30=' # { }\n_CURRENT_SEARCH_DIR=${PROJECT_DIR}\n_PLIST_BUDDY=/usr/libexec/PlistBuddy\n_TARGET_PLIST=\"${BUILT_PRODUCTS_DIR}/${INFOPLIST_PATH}\"\n_DSYM_PLIST=\"${DWARF_DSYM_FOLDER_PATH}/${DWARF_DSYM_FILE_NAME}/Contents/Info.plist\"\n\n# plist arrays\n_PLIST_ENTRY_KEYS=()\n_PLIST_ENTRY_TYPES=()\n_PLIST_ENTRY_VALUES=()\n\nfunction setPlistValue {\n  echo \"info:      setting plist entry '$1' of type '$2' in file '$4'\"\n  ${_PLIST_BUDDY} -c \"Add :$1 $2 '$3'\" $4 || echo \"info:      '$1' already exists\"\n}\n\nfunction getFirebaseJsonKeyValue () {\n  if [[ ${_RN_ROOT_EXISTS} ]]; then\n    ruby -Ku -e \"require 'rubygems';require 'json'; output=JSON.parse('$1'); puts output[$_JSON_ROOT]['$2']\"\n  else\n    echo \"\"\n  fi;\n}\n\nfunction jsonBoolToYesNo () {\n  if [[ $1 == \"false\" ]]; then\n    echo \"NO\"\n  elif [[ $1 == \"true\" ]]; then\n    echo \"YES\"\n  else echo \"NO\"\n  fi\n}\n\necho \"info: -> RNFB build script started\"\necho \"info: 1) Locating ${_JSON_FILE_NAME} file:\"\n\nif [[ -z ${_CURRENT_SEARCH_DIR} ]]; then\n  _CURRENT_SEARCH_DIR=$(pwd)\nfi;\n\nwhile true; do\n  _CURRENT_SEARCH_DIR=$(dirname \"$_CURRENT_SEARCH_DIR\")\n  if [[ \"$_CURRENT_SEARCH_DIR\" == \"/\" ]] || [[ ${_CURRENT_LOOKUPS} -gt ${_MAX_LOOKUPS} ]]; then break; fi;\n  echo \"info:      ($_CURRENT_LOOKUPS of $_MAX_LOOKUPS) Searching in '$_CURRENT_SEARCH_DIR' for a ${_JSON_FILE_NAME} file.\"\n  _SEARCH_RESULT=$(find \"$_CURRENT_SEARCH_DIR\" -maxdepth 2 -name ${_JSON_FILE_NAME} -print | /usr/bin/head -n 1)\n  if [[ ${_SEARCH_RESULT} ]]; then\n    echo \"info:      ${_JSON_FILE_NAME} found at $_SEARCH_RESULT\"\n    break;\n  fi;\n  _CURRENT_LOOKUPS=$((_CURRENT_LOOKUPS+1))\ndone\n\nif [[ ${_SEARCH_RESULT} ]]; then\n  _JSON_OUTPUT_RAW=$(cat \"${_SEARCH_RESULT}\")\n  _RN_ROOT_EXISTS=$(ruby -Ku -e \"require 'rubygems';require 'json'; output=JSON.parse('$_JSON_OUTPUT_RAW'); puts output[$_JSON_ROOT]\" || echo '')\n\n  if [[ ${_RN_ROOT_EXISTS} ]]; then\n    if ! python3 --version >/dev/null 2>&1; then echo \"python3 not found, firebase.json file processing error.\" && exit 1; fi\n    _JSON_OUTPUT_BASE64=$(python3 -c 'import json,sys,base64;print(base64.b64encode(bytes(json.dumps(json.loads(open('\"'${_SEARCH_RESULT}'\"', '\"'rb'\"').read())['${_JSON_ROOT}']), '\"'utf-8'\"')).decode())' || echo \"e30=\")\n  fi\n\n  _PLIST_ENTRY_KEYS+=(\"firebase_json_raw\")\n  _PLIST_ENTRY_TYPES+=(\"string\")\n  _PLIST_ENTRY_VALUES+=(\"$_JSON_OUTPUT_BASE64\")\n\n  # config.app_data_collection_default_enabled\n  _APP_DATA_COLLECTION_ENABLED=$(getFirebaseJsonKeyValue \"$_JSON_OUTPUT_RAW\" \"app_data_collection_default_enabled\")\n  if [[ $_APP_DATA_COLLECTION_ENABLED ]]; then\n    _PLIST_ENTRY_KEYS+=(\"FirebaseDataCollectionDefaultEnabled\")\n    _PLIST_ENTRY_TYPES+=(\"bool\")\n    _PLIST_ENTRY_VALUES+=(\"$(jsonBoolToYesNo \"$_APP_DATA_COLLECTION_ENABLED\")\")\n  fi\n\n  # config.analytics_auto_collection_enabled\n  _ANALYTICS_AUTO_COLLECTION=$(getFirebaseJsonKeyValue \"$_JSON_OUTPUT_RAW\" \"analytics_auto_collection_enabled\")\n  if [[ $_ANALYTICS_AUTO_COLLECTION ]]; then\n    _PLIST_ENTRY_KEYS+=(\"FIREBASE_ANALYTICS_COLLECTION_ENABLED\")\n    _PLIST_ENTRY_TYPES+=(\"bool\")\n    _PLIST_ENTRY_VALUES+=(\"$(jsonBoolToYesNo \"$_ANALYTICS_AUTO_COLLECTION\")\")\n  fi\n\n  # config.analytics_collection_deactivated\n  _ANALYTICS_DEACTIVATED=$(getFirebaseJsonKeyValue \"$_JSON_OUTPUT_RAW\" \"analytics_collection_deactivated\")\n  if [[ $_ANALYTICS_DEACTIVATED ]]; then\n    _PLIST_ENTRY_KEYS+=(\"FIREBASE_ANALYTICS_COLLECTION_DEACTIVATED\")\n    _PLIST_ENTRY_TYPES+=(\"bool\")\n    _PLIST_ENTRY_VALUES+=(\"$(jsonBoolToYesNo \"$_ANALYTICS_DEACTIVATED\")\")\n  fi\n\n  # config.analytics_idfv_collection_enabled\n  _ANALYTICS_IDFV_COLLECTION=$(getFirebaseJsonKeyValue \"$_JSON_OUTPUT_RAW\" \"analytics_idfv_collection_enabled\")\n  if [[ $_ANALYTICS_IDFV_COLLECTION ]]; then\n    _PLIST_ENTRY_KEYS+=(\"GOOGLE_ANALYTICS_IDFV_COLLECTION_ENABLED\")\n    _PLIST_ENTRY_TYPES+=(\"bool\")\n    _PLIST_ENTRY_VALUES+=(\"$(jsonBoolToYesNo \"$_ANALYTICS_IDFV_COLLECTION\")\")\n  fi\n\n  # config.analytics_default_allow_ad_personalization_signals\n  _ANALYTICS_PERSONALIZATION=$(getFirebaseJsonKeyValue \"$_JSON_OUTPUT_RAW\" \"analytics_default_allow_ad_personalization_signals\")\n  if [[ $_ANALYTICS_PERSONALIZATION ]]; then\n    _PLIST_ENTRY_KEYS+=(\"GOOGLE_ANALYTICS_DEFAULT_ALLOW_AD_PERSONALIZATION_SIGNALS\")\n    _PLIST_ENTRY_TYPES+=(\"bool\")\n    _PLIST_ENTRY_VALUES+=(\"$(jsonBoolToYesNo \"$_ANALYTICS_PERSONALIZATION\")\")\n  fi\n\n  # config.analytics_registration_with_ad_network_enabled\n  _ANALYTICS_REGISTRATION_WITH_AD_NETWORK=$(getFirebaseJsonKeyValue \"$_JSON_OUTPUT_RAW\" \"google_analytics_registration_with_ad_network_enabled\")\n  if [[ $_ANALYTICS_REGISTRATION_WITH_AD_NETWORK ]]; then\n    _PLIST_ENTRY_KEYS+=(\"GOOGLE_ANALYTICS_REGISTRATION_WITH_AD_NETWORK_ENABLED\")\n    _PLIST_ENTRY_TYPES+=(\"bool\")\n    _PLIST_ENTRY_VALUES+=(\"$(jsonBoolToYesNo \"$_ANALYTICS_REGISTRATION_WITH_AD_NETWORK\")\")\n  fi\n\n  # config.google_analytics_automatic_screen_reporting_enabled\n  _ANALYTICS_AUTO_SCREEN_REPORTING=$(getFirebaseJsonKeyValue \"$_JSON_OUTPUT_RAW\" \"google_analytics_automatic_screen_reporting_enabled\")\n  if [[ $_ANALYTICS_AUTO_SCREEN_REPORTING ]]; then\n    _PLIST_ENTRY_KEYS+=(\"FirebaseAutomaticScreenReportingEnabled\")\n    _PLIST_ENTRY_TYPES+=(\"bool\")\n    _PLIST_ENTRY_VALUES+=(\"$(jsonBoolToYesNo \"$_ANALYTICS_AUTO_SCREEN_REPORTING\")\")\n  fi\n\n  # config.perf_auto_collection_enabled\n  _PERF_AUTO_COLLECTION=$(getFirebaseJsonKeyValue \"$_JSON_OUTPUT_RAW\" \"perf_auto_collection_enabled\")\n  if [[ $_PERF_AUTO_COLLECTION ]]; then\n    _PLIST_ENTRY_KEYS+=(\"firebase_performance_collection_enabled\")\n    _PLIST_ENTRY_TYPES+=(\"bool\")\n    _PLIST_ENTRY_VALUES+=(\"$(jsonBoolToYesNo \"$_PERF_AUTO_COLLECTION\")\")\n  fi\n\n  # config.perf_collection_deactivated\n  _PERF_DEACTIVATED=$(getFirebaseJsonKeyValue \"$_JSON_OUTPUT_RAW\" \"perf_collection_deactivated\")\n  if [[ $_PERF_DEACTIVATED ]]; then\n    _PLIST_ENTRY_KEYS+=(\"firebase_performance_collection_deactivated\")\n    _PLIST_ENTRY_TYPES+=(\"bool\")\n    _PLIST_ENTRY_VALUES+=(\"$(jsonBoolToYesNo \"$_PERF_DEACTIVATED\")\")\n  fi\n\n  # config.messaging_auto_init_enabled\n  _MESSAGING_AUTO_INIT=$(getFirebaseJsonKeyValue \"$_JSON_OUTPUT_RAW\" \"messaging_auto_init_enabled\")\n  if [[ $_MESSAGING_AUTO_INIT ]]; then\n    _PLIST_ENTRY_KEYS+=(\"FirebaseMessagingAutoInitEnabled\")\n    _PLIST_ENTRY_TYPES+=(\"bool\")\n    _PLIST_ENTRY_VALUES+=(\"$(jsonBoolToYesNo \"$_MESSAGING_AUTO_INIT\")\")\n  fi\n\n  # config.in_app_messaging_auto_colllection_enabled\n  _FIAM_AUTO_INIT=$(getFirebaseJsonKeyValue \"$_JSON_OUTPUT_RAW\" \"in_app_messaging_auto_collection_enabled\")\n  if [[ $_FIAM_AUTO_INIT ]]; then\n    _PLIST_ENTRY_KEYS+=(\"FirebaseInAppMessagingAutomaticDataCollectionEnabled\")\n    _PLIST_ENTRY_TYPES+=(\"bool\")\n    _PLIST_ENTRY_VALUES+=(\"$(jsonBoolToYesNo \"$_FIAM_AUTO_INIT\")\")\n  fi\n\n  # config.app_check_token_auto_refresh\n  _APP_CHECK_TOKEN_AUTO_REFRESH=$(getFirebaseJsonKeyValue \"$_JSON_OUTPUT_RAW\" \"app_check_token_auto_refresh\")\n  if [[ $_APP_CHECK_TOKEN_AUTO_REFRESH ]]; then\n    _PLIST_ENTRY_KEYS+=(\"FirebaseAppCheckTokenAutoRefreshEnabled\")\n    _PLIST_ENTRY_TYPES+=(\"bool\")\n    _PLIST_ENTRY_VALUES+=(\"$(jsonBoolToYesNo \"$_APP_CHECK_TOKEN_AUTO_REFRESH\")\")\n  fi\n\n  # config.crashlytics_disable_auto_disabler - undocumented for now - mainly for debugging, document if becomes useful\n  _CRASHLYTICS_AUTO_DISABLE_ENABLED=$(getFirebaseJsonKeyValue \"$_JSON_OUTPUT_RAW\" \"crashlytics_disable_auto_disabler\")\n  if [[ $_CRASHLYTICS_AUTO_DISABLE_ENABLED == \"true\" ]]; then\n    echo \"Disabled Crashlytics auto disabler.\" # do nothing\n  else\n    _PLIST_ENTRY_KEYS+=(\"FirebaseCrashlyticsCollectionEnabled\")\n    _PLIST_ENTRY_TYPES+=(\"bool\")\n    _PLIST_ENTRY_VALUES+=(\"NO\")\n  fi\nelse\n  _PLIST_ENTRY_KEYS+=(\"firebase_json_raw\")\n  _PLIST_ENTRY_TYPES+=(\"string\")\n  _PLIST_ENTRY_VALUES+=(\"$_JSON_OUTPUT_BASE64\")\n  echo \"warning:   A firebase.json file was not found, whilst this file is optional it is recommended to include it to configure firebase services in React Native Firebase.\"\nfi;\n\necho \"info: 2) Injecting Info.plist entries: \"\n\n# Log out the keys we're adding\nfor i in \"${!_PLIST_ENTRY_KEYS[@]}\"; do\n  echo \"    ->  $i) ${_PLIST_ENTRY_KEYS[$i]}\" \"${_PLIST_ENTRY_TYPES[$i]}\" \"${_PLIST_ENTRY_VALUES[$i]}\"\ndone\n\nfor plist in \"${_TARGET_PLIST}\" \"${_DSYM_PLIST}\" ; do\n  if [[ -f \"${plist}\" ]]; then\n\n    # paths with spaces break the call to setPlistValue. temporarily modify\n    # the shell internal field separator variable (IFS), which normally\n    # includes spaces, to consist only of line breaks\n    oldifs=$IFS\n    IFS=\"\n\"\n\n    for i in \"${!_PLIST_ENTRY_KEYS[@]}\"; do\n      setPlistValue \"${_PLIST_ENTRY_KEYS[$i]}\" \"${_PLIST_ENTRY_TYPES[$i]}\" \"${_PLIST_ENTRY_VALUES[$i]}\" \"${plist}\"\n    done\n\n    # restore the original internal field separator value\n    IFS=$oldifs\n  else\n    echo \"warning:   A Info.plist build output file was not found (${plist})\"\n  fi\ndone\n\necho \"info: <- RNFB build script finished\"\n";
		};
		A55EABD7B0C7F3A422A6CC61 /* [CP] Check Pods Manifest.lock */ = {
			isa = PBXShellScriptBuildPhase;
			buildActionMask = 2147483647;
			files = (
			);
			inputFileListPaths = (
			);
			inputPaths = (
				"${PODS_PODFILE_DIR_PATH}/Podfile.lock",
				"${PODS_ROOT}/Manifest.lock",
			);
			name = "[CP] Check Pods Manifest.lock";
			outputFileListPaths = (
			);
			outputPaths = (
				"$(DERIVED_FILE_DIR)/Pods-Gamba-GambaTests-checkManifestLockResult.txt",
			);
			runOnlyForDeploymentPostprocessing = 0;
			shellPath = /bin/sh;
			shellScript = "diff \"${PODS_PODFILE_DIR_PATH}/Podfile.lock\" \"${PODS_ROOT}/Manifest.lock\" > /dev/null\nif [ $? != 0 ] ; then\n    # print error to STDERR\n    echo \"error: The sandbox is not in sync with the Podfile.lock. Run 'pod install' or update your CocoaPods installation.\" >&2\n    exit 1\nfi\n# This output is used by Xcode 'outputs' to avoid re-running this script phase.\necho \"SUCCESS\" > \"${SCRIPT_OUTPUT_FILE_0}\"\n";
			showEnvVarsInLog = 0;
		};
		C38B50BA6285516D6DCD4F65 /* [CP] Check Pods Manifest.lock */ = {
			isa = PBXShellScriptBuildPhase;
			buildActionMask = 2147483647;
			files = (
			);
			inputFileListPaths = (
			);
			inputPaths = (
				"${PODS_PODFILE_DIR_PATH}/Podfile.lock",
				"${PODS_ROOT}/Manifest.lock",
			);
			name = "[CP] Check Pods Manifest.lock";
			outputFileListPaths = (
			);
			outputPaths = (
				"$(DERIVED_FILE_DIR)/Pods-Gamba-checkManifestLockResult.txt",
			);
			runOnlyForDeploymentPostprocessing = 0;
			shellPath = /bin/sh;
			shellScript = "diff \"${PODS_PODFILE_DIR_PATH}/Podfile.lock\" \"${PODS_ROOT}/Manifest.lock\" > /dev/null\nif [ $? != 0 ] ; then\n    # print error to STDERR\n    echo \"error: The sandbox is not in sync with the Podfile.lock. Run 'pod install' or update your CocoaPods installation.\" >&2\n    exit 1\nfi\n# This output is used by Xcode 'outputs' to avoid re-running this script phase.\necho \"SUCCESS\" > \"${SCRIPT_OUTPUT_FILE_0}\"\n";
			showEnvVarsInLog = 0;
		};
		C59DA0FBD6956966B86A3779 /* [CP] Embed Pods Frameworks */ = {
			isa = PBXShellScriptBuildPhase;
			buildActionMask = 2147483647;
			files = (
			);
			inputFileListPaths = (
				"${PODS_ROOT}/Target Support Files/Pods-Gamba-GambaTests/Pods-Gamba-GambaTests-frameworks-${CONFIGURATION}-input-files.xcfilelist",
			);
			name = "[CP] Embed Pods Frameworks";
			outputFileListPaths = (
				"${PODS_ROOT}/Target Support Files/Pods-Gamba-GambaTests/Pods-Gamba-GambaTests-frameworks-${CONFIGURATION}-output-files.xcfilelist",
			);
			runOnlyForDeploymentPostprocessing = 0;
			shellPath = /bin/sh;
			shellScript = "\"${PODS_ROOT}/Target Support Files/Pods-Gamba-GambaTests/Pods-Gamba-GambaTests-frameworks.sh\"\n";
			showEnvVarsInLog = 0;
		};
		E235C05ADACE081382539298 /* [CP] Copy Pods Resources */ = {
			isa = PBXShellScriptBuildPhase;
			buildActionMask = 2147483647;
			files = (
			);
			inputFileListPaths = (
				"${PODS_ROOT}/Target Support Files/Pods-Gamba/Pods-Gamba-resources-${CONFIGURATION}-input-files.xcfilelist",
			);
			name = "[CP] Copy Pods Resources";
			outputFileListPaths = (
				"${PODS_ROOT}/Target Support Files/Pods-Gamba/Pods-Gamba-resources-${CONFIGURATION}-output-files.xcfilelist",
			);
			runOnlyForDeploymentPostprocessing = 0;
			shellPath = /bin/sh;
			shellScript = "\"${PODS_ROOT}/Target Support Files/Pods-Gamba/Pods-Gamba-resources.sh\"\n";
			showEnvVarsInLog = 0;
		};
		F6A41C54EA430FDDC6A6ED99 /* [CP] Copy Pods Resources */ = {
			isa = PBXShellScriptBuildPhase;
			buildActionMask = 2147483647;
			files = (
			);
			inputFileListPaths = (
				"${PODS_ROOT}/Target Support Files/Pods-Gamba-GambaTests/Pods-Gamba-GambaTests-resources-${CONFIGURATION}-input-files.xcfilelist",
			);
			name = "[CP] Copy Pods Resources";
			outputFileListPaths = (
				"${PODS_ROOT}/Target Support Files/Pods-Gamba-GambaTests/Pods-Gamba-GambaTests-resources-${CONFIGURATION}-output-files.xcfilelist",
			);
			runOnlyForDeploymentPostprocessing = 0;
			shellPath = /bin/sh;
			shellScript = "\"${PODS_ROOT}/Target Support Files/Pods-Gamba-GambaTests/Pods-Gamba-GambaTests-resources.sh\"\n";
			showEnvVarsInLog = 0;
		};
		FD10A7F022414F080027D42C /* Start Packager */ = {
			isa = PBXShellScriptBuildPhase;
			buildActionMask = 2147483647;
			files = (
			);
			inputFileListPaths = (
			);
			inputPaths = (
			);
			name = "Start Packager";
			outputFileListPaths = (
			);
			outputPaths = (
			);
			runOnlyForDeploymentPostprocessing = 0;
			shellPath = /bin/sh;
			shellScript = "export RCT_METRO_PORT=\"${RCT_METRO_PORT:=8081}\"\necho \"export RCT_METRO_PORT=${RCT_METRO_PORT}\" > \"${SRCROOT}/../node_modules/react-native/scripts/.packager.env\"\nif [ -z \"${RCT_NO_LAUNCH_PACKAGER+xxx}\" ] ; then\n  if nc -w 5 -z localhost ${RCT_METRO_PORT} ; then\n    if ! curl -s \"http://localhost:${RCT_METRO_PORT}/status\" | grep -q \"packager-status:running\" ; then\n      echo \"Port ${RCT_METRO_PORT} already in use, packager is either not running or not running correctly\"\n      exit 2\n    fi\n  else\n    open \"$SRCROOT/../node_modules/react-native/scripts/launchPackager.command\" || echo \"Can't start packager automatically\"\n  fi\nfi\n";
			showEnvVarsInLog = 0;
		};
/* End PBXShellScriptBuildPhase section */

/* Begin PBXSourcesBuildPhase section */
		00E356EA1AD99517003FC87E /* Sources */ = {
			isa = PBXSourcesBuildPhase;
			buildActionMask = 2147483647;
			files = (
				00E356F31AD99517003FC87E /* GambaTests.m in Sources */,
			);
			runOnlyForDeploymentPostprocessing = 0;
		};
		13B07F871A680F5B00A75B9A /* Sources */ = {
			isa = PBXSourcesBuildPhase;
			buildActionMask = 2147483647;
			files = (
				13B07FBC1A68108700A75B9A /* AppDelegate.mm in Sources */,
				513EE4A92A6155F90023D704 /* File.swift in Sources */,
				13B07FC11A68108700A75B9A /* main.m in Sources */,
			);
			runOnlyForDeploymentPostprocessing = 0;
		};
/* End PBXSourcesBuildPhase section */

/* Begin PBXTargetDependency section */
		00E356F51AD99517003FC87E /* PBXTargetDependency */ = {
			isa = PBXTargetDependency;
			target = 13B07F861A680F5B00A75B9A /* Gamba */;
			targetProxy = 00E356F41AD99517003FC87E /* PBXContainerItemProxy */;
		};
/* End PBXTargetDependency section */

/* Begin XCBuildConfiguration section */
		00E356F61AD99517003FC87E /* Debug */ = {
			isa = XCBuildConfiguration;
			baseConfigurationReference = 5B7EB9410499542E8C5724F5 /* Pods-Gamba-GambaTests.debug.xcconfig */;
			buildSettings = {
				ALWAYS_EMBED_SWIFT_STANDARD_LIBRARIES = YES;
				BUNDLE_LOADER = "$(TEST_HOST)";
				DEVELOPMENT_TEAM = 2P3WQ8X2HU;
				GCC_PREPROCESSOR_DEFINITIONS = (
					"DEBUG=1",
					"$(inherited)",
				);
				INFOPLIST_FILE = GambaTests/Info.plist;
				IPHONEOS_DEPLOYMENT_TARGET = 12.4;
				LD_RUNPATH_SEARCH_PATHS = (
					"$(inherited)",
					"@executable_path/Frameworks",
					"@loader_path/Frameworks",
				);
				OTHER_LDFLAGS = (
					"-ObjC",
					"-lc++",
					"$(inherited)",
				);
				PRODUCT_BUNDLE_IDENTIFIER = com.a.c;
				PRODUCT_NAME = "$(TARGET_NAME)";
				TEST_HOST = "$(BUILT_PRODUCTS_DIR)/Gamba.app/Gamba";
			};
			name = Debug;
		};
		00E356F71AD99517003FC87E /* Release */ = {
			isa = XCBuildConfiguration;
			baseConfigurationReference = 89C6BE57DB24E9ADA2F236DE /* Pods-Gamba-GambaTests.release.xcconfig */;
			buildSettings = {
				ALWAYS_EMBED_SWIFT_STANDARD_LIBRARIES = YES;
				BUNDLE_LOADER = "$(TEST_HOST)";
				COPY_PHASE_STRIP = NO;
				DEVELOPMENT_TEAM = 2P3WQ8X2HU;
				INFOPLIST_FILE = GambaTests/Info.plist;
				IPHONEOS_DEPLOYMENT_TARGET = 12.4;
				LD_RUNPATH_SEARCH_PATHS = (
					"$(inherited)",
					"@executable_path/Frameworks",
					"@loader_path/Frameworks",
				);
				OTHER_LDFLAGS = (
					"-ObjC",
					"-lc++",
					"$(inherited)",
				);
				PRODUCT_BUNDLE_IDENTIFIER = com.a.c;
				PRODUCT_NAME = "$(TARGET_NAME)";
				TEST_HOST = "$(BUILT_PRODUCTS_DIR)/Gamba.app/Gamba";
			};
			name = Release;
		};
		13B07F941A680F5B00A75B9A /* Debug */ = {
			isa = XCBuildConfiguration;
			baseConfigurationReference = 3B4392A12AC88292D35C810B /* Pods-Gamba.debug.xcconfig */;
			buildSettings = {
				ASSETCATALOG_COMPILER_APPICON_NAME = AppIcon;
				CLANG_ENABLE_MODULES = YES;
				CODE_SIGN_ENTITLEMENTS = Gamba/Gamba.entitlements;
				CURRENT_PROJECT_VERSION = 1;
				DEVELOPMENT_TEAM = 2P3WQ8X2HU;
				ENABLE_BITCODE = NO;
				INFOPLIST_FILE = Gamba/Info.plist;
				LD_RUNPATH_SEARCH_PATHS = (
					"$(inherited)",
					"@executable_path/Frameworks",
				);
				MARKETING_VERSION = 1.0;
				OTHER_LDFLAGS = (
					"$(inherited)",
					"-ObjC",
					"-lc++",
				);
				PRODUCT_BUNDLE_IDENTIFIER = com.a.c;
				PRODUCT_NAME = Gamba;
				SWIFT_OBJC_BRIDGING_HEADER = "Gamba-Bridging-Header.h";
				SWIFT_OPTIMIZATION_LEVEL = "-Onone";
				SWIFT_VERSION = 5.0;
				VERSIONING_SYSTEM = "apple-generic";
			};
			name = Debug;
		};
		13B07F951A680F5B00A75B9A /* Release */ = {
			isa = XCBuildConfiguration;
			baseConfigurationReference = 5709B34CF0A7D63546082F79 /* Pods-Gamba.release.xcconfig */;
			buildSettings = {
				ASSETCATALOG_COMPILER_APPICON_NAME = AppIcon;
				CLANG_ENABLE_MODULES = YES;
				CODE_SIGN_ENTITLEMENTS = Gamba/Gamba.entitlements;
				CURRENT_PROJECT_VERSION = 1;
				DEVELOPMENT_TEAM = 2P3WQ8X2HU;
				INFOPLIST_FILE = Gamba/Info.plist;
				LD_RUNPATH_SEARCH_PATHS = (
					"$(inherited)",
					"@executable_path/Frameworks",
				);
				MARKETING_VERSION = 1.0;
				OTHER_LDFLAGS = (
					"$(inherited)",
					"-ObjC",
					"-lc++",
				);
				PRODUCT_BUNDLE_IDENTIFIER = com.a.c;
				PRODUCT_NAME = Gamba;
				SWIFT_OBJC_BRIDGING_HEADER = "Gamba-Bridging-Header.h";
				SWIFT_VERSION = 5.0;
				VERSIONING_SYSTEM = "apple-generic";
			};
			name = Release;
		};
		83CBBA201A601CBA00E9B192 /* Debug */ = {
			isa = XCBuildConfiguration;
			buildSettings = {
				ALWAYS_SEARCH_USER_PATHS = NO;
				CLANG_ANALYZER_LOCALIZABILITY_NONLOCALIZED = YES;
				CLANG_CXX_LANGUAGE_STANDARD = "c++17";
				CLANG_CXX_LIBRARY = "libc++";
				CLANG_ENABLE_MODULES = YES;
				CLANG_ENABLE_OBJC_ARC = YES;
				CLANG_WARN_BLOCK_CAPTURE_AUTORELEASING = YES;
				CLANG_WARN_BOOL_CONVERSION = YES;
				CLANG_WARN_COMMA = YES;
				CLANG_WARN_CONSTANT_CONVERSION = YES;
				CLANG_WARN_DEPRECATED_OBJC_IMPLEMENTATIONS = YES;
				CLANG_WARN_DIRECT_OBJC_ISA_USAGE = YES_ERROR;
				CLANG_WARN_EMPTY_BODY = YES;
				CLANG_WARN_ENUM_CONVERSION = YES;
				CLANG_WARN_INFINITE_RECURSION = YES;
				CLANG_WARN_INT_CONVERSION = YES;
				CLANG_WARN_NON_LITERAL_NULL_CONVERSION = YES;
				CLANG_WARN_OBJC_IMPLICIT_RETAIN_SELF = YES;
				CLANG_WARN_OBJC_LITERAL_CONVERSION = YES;
				CLANG_WARN_OBJC_ROOT_CLASS = YES_ERROR;
				CLANG_WARN_QUOTED_INCLUDE_IN_FRAMEWORK_HEADER = YES;
				CLANG_WARN_RANGE_LOOP_ANALYSIS = YES;
				CLANG_WARN_STRICT_PROTOTYPES = YES;
				CLANG_WARN_SUSPICIOUS_MOVE = YES;
				CLANG_WARN_UNREACHABLE_CODE = YES;
				CLANG_WARN__DUPLICATE_METHOD_MATCH = YES;
				"CODE_SIGN_IDENTITY[sdk=iphoneos*]" = "iPhone Developer";
				COPY_PHASE_STRIP = NO;
				ENABLE_STRICT_OBJC_MSGSEND = YES;
				ENABLE_TESTABILITY = YES;
				"EXCLUDED_ARCHS[sdk=iphonesimulator*]" = i386;
				GCC_C_LANGUAGE_STANDARD = gnu99;
				GCC_DYNAMIC_NO_PIC = NO;
				GCC_NO_COMMON_BLOCKS = YES;
				GCC_OPTIMIZATION_LEVEL = 0;
				GCC_PREPROCESSOR_DEFINITIONS = (
					"DEBUG=1",
					"$(inherited)",
				);
				GCC_SYMBOLS_PRIVATE_EXTERN = NO;
				GCC_WARN_64_TO_32_BIT_CONVERSION = YES;
				GCC_WARN_ABOUT_RETURN_TYPE = YES_ERROR;
				GCC_WARN_UNDECLARED_SELECTOR = YES;
				GCC_WARN_UNINITIALIZED_AUTOS = YES_AGGRESSIVE;
				GCC_WARN_UNUSED_FUNCTION = YES;
				GCC_WARN_UNUSED_VARIABLE = YES;
				IPHONEOS_DEPLOYMENT_TARGET = 12.4;
				LD_RUNPATH_SEARCH_PATHS = (
					/usr/lib/swift,
					"$(inherited)",
				);
				LIBRARY_SEARCH_PATHS = (
					"\"$(SDKROOT)/usr/lib/swift\"",
					"\"$(TOOLCHAIN_DIR)/usr/lib/swift/$(PLATFORM_NAME)\"",
					"\"$(inherited)\"",
				);
				MTL_ENABLE_DEBUG_INFO = YES;
				ONLY_ACTIVE_ARCH = YES;
				OTHER_CPLUSPLUSFLAGS = (
					"$(OTHER_CFLAGS)",
					"-DFOLLY_NO_CONFIG",
					"-DFOLLY_MOBILE=1",
					"-DFOLLY_USE_LIBCPP=1",
				);
				REACT_NATIVE_PATH = "${PODS_ROOT}/../../node_modules/react-native";
				SDKROOT = iphoneos;
			};
			name = Debug;
		};
		83CBBA211A601CBA00E9B192 /* Release */ = {
			isa = XCBuildConfiguration;
			buildSettings = {
				ALWAYS_SEARCH_USER_PATHS = NO;
				CLANG_ANALYZER_LOCALIZABILITY_NONLOCALIZED = YES;
				CLANG_CXX_LANGUAGE_STANDARD = "c++17";
				CLANG_CXX_LIBRARY = "libc++";
				CLANG_ENABLE_MODULES = YES;
				CLANG_ENABLE_OBJC_ARC = YES;
				CLANG_WARN_BLOCK_CAPTURE_AUTORELEASING = YES;
				CLANG_WARN_BOOL_CONVERSION = YES;
				CLANG_WARN_COMMA = YES;
				CLANG_WARN_CONSTANT_CONVERSION = YES;
				CLANG_WARN_DEPRECATED_OBJC_IMPLEMENTATIONS = YES;
				CLANG_WARN_DIRECT_OBJC_ISA_USAGE = YES_ERROR;
				CLANG_WARN_EMPTY_BODY = YES;
				CLANG_WARN_ENUM_CONVERSION = YES;
				CLANG_WARN_INFINITE_RECURSION = YES;
				CLANG_WARN_INT_CONVERSION = YES;
				CLANG_WARN_NON_LITERAL_NULL_CONVERSION = YES;
				CLANG_WARN_OBJC_IMPLICIT_RETAIN_SELF = YES;
				CLANG_WARN_OBJC_LITERAL_CONVERSION = YES;
				CLANG_WARN_OBJC_ROOT_CLASS = YES_ERROR;
				CLANG_WARN_QUOTED_INCLUDE_IN_FRAMEWORK_HEADER = YES;
				CLANG_WARN_RANGE_LOOP_ANALYSIS = YES;
				CLANG_WARN_STRICT_PROTOTYPES = YES;
				CLANG_WARN_SUSPICIOUS_MOVE = YES;
				CLANG_WARN_UNREACHABLE_CODE = YES;
				CLANG_WARN__DUPLICATE_METHOD_MATCH = YES;
				"CODE_SIGN_IDENTITY[sdk=iphoneos*]" = "iPhone Developer";
				COPY_PHASE_STRIP = YES;
				ENABLE_NS_ASSERTIONS = NO;
				ENABLE_STRICT_OBJC_MSGSEND = YES;
				"EXCLUDED_ARCHS[sdk=iphonesimulator*]" = i386;
				GCC_C_LANGUAGE_STANDARD = gnu99;
				GCC_NO_COMMON_BLOCKS = YES;
				GCC_WARN_64_TO_32_BIT_CONVERSION = YES;
				GCC_WARN_ABOUT_RETURN_TYPE = YES_ERROR;
				GCC_WARN_UNDECLARED_SELECTOR = YES;
				GCC_WARN_UNINITIALIZED_AUTOS = YES_AGGRESSIVE;
				GCC_WARN_UNUSED_FUNCTION = YES;
				GCC_WARN_UNUSED_VARIABLE = YES;
				IPHONEOS_DEPLOYMENT_TARGET = 12.4;
				LD_RUNPATH_SEARCH_PATHS = (
					/usr/lib/swift,
					"$(inherited)",
				);
				LIBRARY_SEARCH_PATHS = (
					"\"$(SDKROOT)/usr/lib/swift\"",
					"\"$(TOOLCHAIN_DIR)/usr/lib/swift/$(PLATFORM_NAME)\"",
					"\"$(inherited)\"",
				);
				MTL_ENABLE_DEBUG_INFO = NO;
				OTHER_CPLUSPLUSFLAGS = (
					"$(OTHER_CFLAGS)",
					"-DFOLLY_NO_CONFIG",
					"-DFOLLY_MOBILE=1",
					"-DFOLLY_USE_LIBCPP=1",
				);
				REACT_NATIVE_PATH = "${PODS_ROOT}/../../node_modules/react-native";
				SDKROOT = iphoneos;
				VALIDATE_PRODUCT = YES;
			};
			name = Release;
		};
/* End XCBuildConfiguration section */

/* Begin XCConfigurationList section */
		00E357021AD99517003FC87E /* Build configuration list for PBXNativeTarget "GambaTests" */ = {
			isa = XCConfigurationList;
			buildConfigurations = (
				00E356F61AD99517003FC87E /* Debug */,
				00E356F71AD99517003FC87E /* Release */,
			);
			defaultConfigurationIsVisible = 0;
			defaultConfigurationName = Release;
		};
		13B07F931A680F5B00A75B9A /* Build configuration list for PBXNativeTarget "Gamba" */ = {
			isa = XCConfigurationList;
			buildConfigurations = (
				13B07F941A680F5B00A75B9A /* Debug */,
				13B07F951A680F5B00A75B9A /* Release */,
			);
			defaultConfigurationIsVisible = 0;
			defaultConfigurationName = Release;
		};
		83CBB9FA1A601CBA00E9B192 /* Build configuration list for PBXProject "Gamba" */ = {
			isa = XCConfigurationList;
			buildConfigurations = (
				83CBBA201A601CBA00E9B192 /* Debug */,
				83CBBA211A601CBA00E9B192 /* Release */,
			);
			defaultConfigurationIsVisible = 0;
			defaultConfigurationName = Release;
		};
/* End XCConfigurationList section */
	};
	rootObject = 83CBB9F71A601CBA00E9B192 /* Project object */;
}
